
Microsoft Visual Studio Solution File, Format Version 12.00
# Visual Studio Version 17
VisualStudioVersion = 17.2.32602.215
MinimumVisualStudioVersion = 10.0.40219.1
Project("{FAE04EC0-301F-11D3-BF4B-00C04F79EFBC}") = "CloudCustomers.API", "CloudCustomers.API\CloudCustomers.API.csproj", "{2010FBBD-CBFC-41ED-9CEA-F0679916313B}"
EndProject
Project("{FAE04EC0-301F-11D3-BF4B-00C04F79EFBC}") = "CloudCustomers.UnitTests", "CloudCustomers.UnitTests\CloudCustomers.UnitTests.csproj", "{426A26A6-0B2D-4937-81BD-0283B55D5D40}"
EndProject
Global
	GlobalSection(SolutionConfigurationPlatforms) = preSolution
		Debug|Any CPU = Debug|Any CPU
		Release|Any CPU = Release|Any CPU
	EndGlobalSection
	GlobalSection(ProjectConfigurationPlatforms) = postSolution
		{2010FBBD-CBFC-41ED-9CEA-F0679916313B}.Debug|Any CPU.ActiveCfg = Debug|Any CPU
		{2010FBBD-CBFC-41ED-9CEA-F0679916313B}.Debug|Any CPU.Build.0 = Debug|Any CPU
		{2010FBBD-CBFC-41ED-9CEA-F0679916313B}.Release|Any CPU.ActiveCfg = Release|Any CPU
		{2010FBBD-CBFC-41ED-9CEA-F0679916313B}.Release|Any CPU.Build.0 = Release|Any CPU
		{426A26A6-0B2D-4937-81BD-0283B55D5D40}.Debug|Any CPU.ActiveCfg = Debug|Any CPU
		{426A26A6-0B2D-4937-81BD-0283B55D5D40}.Debug|Any CPU.Build.0 = Debug|Any CPU
		{426A26A6-0B2D-4937-81BD-0283B55D5D40}.Release|Any CPU.ActiveCfg = Release|Any CPU
		{426A26A6-0B2D-4937-81BD-0283B55D5D40}.Release|Any CPU.Build.0 = Release|Any CPU
	EndGlobalSection
	GlobalSection(SolutionProperties) = preSolution
		HideSolutionNode = FALSE
	EndGlobalSection
	GlobalSection(ExtensibilityGlobals) = postSolution
		SolutionGuid = {802CC3B1-FA7C-4E8B-810B-16F58AFC5D5D}
	EndGlobalSection
EndGlobal
